
Microsoft Visual Studio Solution File, Format Version 12.00
# Visual Studio 15
VisualStudioVersion = 15.0.27130.2027
MinimumVisualStudioVersion = 10.0.40219.1
Project("{FAE04EC0-301F-11D3-BF4B-00C04F79EFBC}") = "TextFormatter.WPF", "TextFormatterUI\TextFormatter.WPF.csproj", "{C1383850-16C1-41E8-96FA-5A2CA310B3A9}"
EndProject
Project("{FAE04EC0-301F-11D3-BF4B-00C04F79EFBC}") = "TextFormatter", "TextFormatter\TextFormatter.csproj", "{C1AB91F3-A376-4457-A5FF-757C6A5C346B}"
EndProject
Global
	GlobalSection(SolutionConfigurationPlatforms) = preSolution
		Debug|Any CPU = Debug|Any CPU
		Release|Any CPU = Release|Any CPU
	EndGlobalSection
	GlobalSection(ProjectConfigurationPlatforms) = postSolution
		{C1383850-16C1-41E8-96FA-5A2CA310B3A9}.Debug|Any CPU.ActiveCfg = Debug|Any CPU
		{C1383850-16C1-41E8-96FA-5A2CA310B3A9}.Debug|Any CPU.Build.0 = Debug|Any CPU
		{C1383850-16C1-41E8-96FA-5A2CA310B3A9}.Release|Any CPU.ActiveCfg = Release|Any CPU
		{C1383850-16C1-41E8-96FA-5A2CA310B3A9}.Release|Any CPU.Build.0 = Release|Any CPU
		{C1AB91F3-A376-4457-A5FF-757C6A5C346B}.Debug|Any CPU.ActiveCfg = Debug|Any CPU
		{C1AB91F3-A376-4457-A5FF-757C6A5C346B}.Debug|Any CPU.Build.0 = Debug|Any CPU
		{C1AB91F3-A376-4457-A5FF-757C6A5C346B}.Release|Any CPU.ActiveCfg = Release|Any CPU
		{C1AB91F3-A376-4457-A5FF-757C6A5C346B}.Release|Any CPU.Build.0 = Release|Any CPU
	EndGlobalSection
	GlobalSection(SolutionProperties) = preSolution
		HideSolutionNode = FALSE
	EndGlobalSection
	GlobalSection(ExtensibilityGlobals) = postSolution
		SolutionGuid = {F9BCC714-74BF-44E2-9592-5499165D4502}
	EndGlobalSection
EndGlobal
